
Microsoft Visual Studio Solution File, Format Version 12.00
# Visual Studio Version 17
VisualStudioVersion = 17.13.35828.75 d17.13
MinimumVisualStudioVersion = 10.0.40219.1
Project("{54A90642-561A-4BB1-A94E-469ADEE60C69}") = "onlineshop.client", "onlineshop.client\onlineshop.client.esproj", "{955F0BEF-AFA6-1560-8F13-471E310FA435}"
EndProject
Project("{FAE04EC0-301F-11D3-BF4B-00C04F79EFBC}") = "OnlineShop.Server", "OnlineShop.Server\OnlineShop.Server.csproj", "{16FA4CE5-CD18-4DF3-9883-A19F1442AE5B}"
EndProject
Global
	GlobalSection(SolutionConfigurationPlatforms) = preSolution
		Debug|Any CPU = Debug|Any CPU
		Release|Any CPU = Release|Any CPU
	EndGlobalSection
	GlobalSection(ProjectConfigurationPlatforms) = postSolution
		{955F0BEF-AFA6-1560-8F13-471E310FA435}.Debug|Any CPU.ActiveCfg = Debug|Any CPU
		{955F0BEF-AFA6-1560-8F13-471E310FA435}.Debug|Any CPU.Build.0 = Debug|Any CPU
		{955F0BEF-AFA6-1560-8F13-471E310FA435}.Debug|Any CPU.Deploy.0 = Debug|Any CPU
		{955F0BEF-AFA6-1560-8F13-471E310FA435}.Release|Any CPU.ActiveCfg = Release|Any CPU
		{955F0BEF-AFA6-1560-8F13-471E310FA435}.Release|Any CPU.Build.0 = Release|Any CPU
		{955F0BEF-AFA6-1560-8F13-471E310FA435}.Release|Any CPU.Deploy.0 = Release|Any CPU
		{16FA4CE5-CD18-4DF3-9883-A19F1442AE5B}.Debug|Any CPU.ActiveCfg = Debug|Any CPU
		{16FA4CE5-CD18-4DF3-9883-A19F1442AE5B}.Debug|Any CPU.Build.0 = Debug|Any CPU
		{16FA4CE5-CD18-4DF3-9883-A19F1442AE5B}.Release|Any CPU.ActiveCfg = Release|Any CPU
		{16FA4CE5-CD18-4DF3-9883-A19F1442AE5B}.Release|Any CPU.Build.0 = Release|Any CPU
	EndGlobalSection
	GlobalSection(SolutionProperties) = preSolution
		HideSolutionNode = FALSE
	EndGlobalSection
	GlobalSection(ExtensibilityGlobals) = postSolution
		SolutionGuid = {0766123D-0D5E-4DAF-830A-29CB1E057CD7}
	EndGlobalSection
EndGlobal
